// !$*UTF8*$!
{
	archiveVersion = 1;
	classes = {
	};
	objectVersion = 71;
	objects = {

/* Begin PBXBuildFile section */
		A00000000000000000000100 /* SettleApp.swift in Sources */ = {isa = PBXBuildFile; fileRef = A00000000000000000000200 /* SettleApp.swift */; };
		A00000000000000000000101 /* Models.swift in Sources */ = {isa = PBXBuildFile; fileRef = A00000000000000000000201 /* Models.swift */; };
		A00000000000000000000102 /* LayoutStore.swift in Sources */ = {isa = PBXBuildFile; fileRef = A00000000000000000000202 /* LayoutStore.swift */; };
		A00000000000000000000103 /* AccessibilityPermissionManager.swift in Sources */ = {isa = PBXBuildFile; fileRef = A00000000000000000000203 /* AccessibilityPermissionManager.swift */; };
		A00000000000000000000104 /* AppLauncher.swift in Sources */ = {isa = PBXBuildFile; fileRef = A00000000000000000000204 /* AppLauncher.swift */; };
		A00000000000000000000105 /* WindowMatcher.swift in Sources */ = {isa = PBXBuildFile; fileRef = A00000000000000000000205 /* WindowMatcher.swift */; };
		A00000000000000000000106 /* WindowManager.swift in Sources */ = {isa = PBXBuildFile; fileRef = A00000000000000000000206 /* WindowManager.swift */; };
		A00000000000000000000107 /* LayoutCoordinator.swift in Sources */ = {isa = PBXBuildFile; fileRef = A00000000000000000000207 /* LayoutCoordinator.swift */; };
		A00000000000000000000108 /* MenuContentView.swift in Sources */ = {isa = PBXBuildFile; fileRef = A00000000000000000000208 /* MenuContentView.swift */; };
		A00000000000000000000109 /* SettingsView.swift in Sources */ = {isa = PBXBuildFile; fileRef = A00000000000000000000209 /* SettingsView.swift */; };
		A0000000000000000000010A /* Assets.xcassets in Resources */ = {isa = PBXBuildFile; fileRef = A0000000000000000000020A /* Assets.xcassets */; };
		A0000000000000000000010B /* SettleTests.swift in Sources */ = {isa = PBXBuildFile; fileRef = A0000000000000000000020C /* SettleTests.swift */; };
		A0000000000000000000010C /* L10n.swift in Sources */ = {isa = PBXBuildFile; fileRef = A0000000000000000000020E /* L10n.swift */; };
		A0000000000000000000010D /* Localizable.strings in Resources */ = {isa = PBXBuildFile; fileRef = A00000000000000000000212 /* Localizable.strings */; };
		A0000000000000000000010E /* LayoutVisibilityMatcher.swift in Sources */ = {isa = PBXBuildFile; fileRef = A00000000000000000000215 /* LayoutVisibilityMatcher.swift */; };
		A0000000000000000000010F /* LayoutHUDController.swift in Sources */ = {isa = PBXBuildFile; fileRef = A00000000000000000000216 /* LayoutHUDController.swift */; };
		A00000000000000000000110 /* MenuBarPanelController.swift in Sources */ = {isa = PBXBuildFile; fileRef = A00000000000000000000217 /* MenuBarPanelController.swift */; };
/* End PBXBuildFile section */

/* Begin PBXContainerItemProxy section */
		A00000000000000000000300 /* PBXContainerItemProxy */ = {
			isa = PBXContainerItemProxy;
			containerPortal = A00000000000000000000001 /* Project object */;
			proxyType = 1;
			remoteGlobalIDString = A00000000000000000000010;
			remoteInfo = Settle;
		};
/* End PBXContainerItemProxy section */

/* Begin PBXFileReference section */
		A00000000000000000000200 /* SettleApp.swift */ = {isa = PBXFileReference; lastKnownFileType = sourcecode.swift; path = SettleApp.swift; sourceTree = "<group>"; };
		A00000000000000000000201 /* Models.swift */ = {isa = PBXFileReference; lastKnownFileType = sourcecode.swift; path = Models.swift; sourceTree = "<group>"; };
		A00000000000000000000202 /* LayoutStore.swift */ = {isa = PBXFileReference; lastKnownFileType = sourcecode.swift; path = LayoutStore.swift; sourceTree = "<group>"; };
		A00000000000000000000203 /* AccessibilityPermissionManager.swift */ = {isa = PBXFileReference; lastKnownFileType = sourcecode.swift; path = AccessibilityPermissionManager.swift; sourceTree = "<group>"; };
		A00000000000000000000204 /* AppLauncher.swift */ = {isa = PBXFileReference; lastKnownFileType = sourcecode.swift; path = AppLauncher.swift; sourceTree = "<group>"; };
		A00000000000000000000205 /* WindowMatcher.swift */ = {isa = PBXFileReference; lastKnownFileType = sourcecode.swift; path = WindowMatcher.swift; sourceTree = "<group>"; };
		A00000000000000000000206 /* WindowManager.swift */ = {isa = PBXFileReference; lastKnownFileType = sourcecode.swift; path = WindowManager.swift; sourceTree = "<group>"; };
		A00000000000000000000207 /* LayoutCoordinator.swift */ = {isa = PBXFileReference; lastKnownFileType = sourcecode.swift; path = LayoutCoordinator.swift; sourceTree = "<group>"; };
		A00000000000000000000208 /* MenuContentView.swift */ = {isa = PBXFileReference; lastKnownFileType = sourcecode.swift; path = MenuContentView.swift; sourceTree = "<group>"; };
		A00000000000000000000209 /* SettingsView.swift */ = {isa = PBXFileReference; lastKnownFileType = sourcecode.swift; path = SettingsView.swift; sourceTree = "<group>"; };
		A0000000000000000000020A /* Assets.xcassets */ = {isa = PBXFileReference; lastKnownFileType = folder.assetcatalog; path = Assets.xcassets; sourceTree = "<group>"; };
		A0000000000000000000020B /* Settle.app */ = {isa = PBXFileReference; explicitFileType = wrapper.application; includeInIndex = 0; path = Settle.app; sourceTree = BUILT_PRODUCTS_DIR; };
		A0000000000000000000020C /* SettleTests.swift */ = {isa = PBXFileReference; lastKnownFileType = sourcecode.swift; path = SettleTests.swift; sourceTree = "<group>"; };
		A0000000000000000000020D /* SettleTests.xctest */ = {isa = PBXFileReference; explicitFileType = wrapper.cfbundle; includeInIndex = 0; path = SettleTests.xctest; sourceTree = BUILT_PRODUCTS_DIR; };
		A0000000000000000000020E /* L10n.swift */ = {isa = PBXFileReference; lastKnownFileType = sourcecode.swift; path = L10n.swift; sourceTree = "<group>"; };
		A0000000000000000000020F /* en */ = {isa = PBXFileReference; lastKnownFileType = text.plist.strings; name = en; path = en.lproj/Localizable.strings; sourceTree = "<group>"; };
		A00000000000000000000210 /* es */ = {isa = PBXFileReference; lastKnownFileType = text.plist.strings; name = es; path = es.lproj/Localizable.strings; sourceTree = "<group>"; };
		A00000000000000000000211 /* ca */ = {isa = PBXFileReference; lastKnownFileType = text.plist.strings; name = ca; path = ca.lproj/Localizable.strings; sourceTree = "<group>"; };
		A00000000000000000000213 /* fr */ = {isa = PBXFileReference; lastKnownFileType = text.plist.strings; name = fr; path = fr.lproj/Localizable.strings; sourceTree = "<group>"; };
		A00000000000000000000214 /* de */ = {isa = PBXFileReference; lastKnownFileType = text.plist.strings; name = de; path = de.lproj/Localizable.strings; sourceTree = "<group>"; };
		A00000000000000000000215 /* LayoutVisibilityMatcher.swift */ = {isa = PBXFileReference; lastKnownFileType = sourcecode.swift; path = LayoutVisibilityMatcher.swift; sourceTree = "<group>"; };
		A00000000000000000000216 /* LayoutHUDController.swift */ = {isa = PBXFileReference; lastKnownFileType = sourcecode.swift; path = LayoutHUDController.swift; sourceTree = "<group>"; };
		A00000000000000000000217 /* MenuBarPanelController.swift */ = {isa = PBXFileReference; lastKnownFileType = sourcecode.swift; path = MenuBarPanelController.swift; sourceTree = "<group>"; };
/* End PBXFileReference section */

/* Begin PBXFrameworksBuildPhase section */
		A00000000000000000000020 /* Frameworks */ = {
			isa = PBXFrameworksBuildPhase;
			buildActionMask = 2147483647;
			files = (
			);
			runOnlyForDeploymentPostprocessing = 0;
		};
		A00000000000000000000021 /* Frameworks */ = {
			isa = PBXFrameworksBuildPhase;
			buildActionMask = 2147483647;
			files = (
			);
			runOnlyForDeploymentPostprocessing = 0;
		};
/* End PBXFrameworksBuildPhase section */

/* Begin PBXGroup section */
		A00000000000000000000002 = {
			isa = PBXGroup;
			children = (
				A00000000000000000000003 /* Settle */,
				A00000000000000000000004 /* SettleTests */,
				A00000000000000000000005 /* Products */,
			);
			sourceTree = "<group>";
		};
		A00000000000000000000003 /* Settle */ = {
			isa = PBXGroup;
			children = (
				A00000000000000000000200 /* SettleApp.swift */,
				A00000000000000000000201 /* Models.swift */,
				A00000000000000000000202 /* LayoutStore.swift */,
				A00000000000000000000203 /* AccessibilityPermissionManager.swift */,
				A00000000000000000000204 /* AppLauncher.swift */,
				A00000000000000000000205 /* WindowMatcher.swift */,
				A00000000000000000000206 /* WindowManager.swift */,
				A00000000000000000000207 /* LayoutCoordinator.swift */,
				A00000000000000000000208 /* MenuContentView.swift */,
				A00000000000000000000209 /* SettingsView.swift */,
				A0000000000000000000020E /* L10n.swift */,
				A00000000000000000000215 /* LayoutVisibilityMatcher.swift */,
				A00000000000000000000216 /* LayoutHUDController.swift */,
				A00000000000000000000217 /* MenuBarPanelController.swift */,
				A0000000000000000000020A /* Assets.xcassets */,
				A00000000000000000000212 /* Localizable.strings */,
			);
			path = Settle;
			sourceTree = "<group>";
		};
		A00000000000000000000004 /* SettleTests */ = {
			isa = PBXGroup;
			children = (
				A0000000000000000000020C /* SettleTests.swift */,
			);
			path = SettleTests;
			sourceTree = "<group>";
		};
		A00000000000000000000005 /* Products */ = {
			isa = PBXGroup;
			children = (
				A0000000000000000000020B /* Settle.app */,
				A0000000000000000000020D /* SettleTests.xctest */,
			);
			name = Products;
			sourceTree = "<group>";
		};
/* End PBXGroup section */

/* Begin PBXNativeTarget section */
		A00000000000000000000010 /* Settle */ = {
			isa = PBXNativeTarget;
			buildConfigurationList = A00000000000000000000040 /* Build configuration list for PBXNativeTarget "Settle" */;
			buildPhases = (
				A00000000000000000000070 /* Sources */,
				A00000000000000000000020 /* Frameworks */,
				A00000000000000000000071 /* Resources */,
			);
			buildRules = (
			);
			dependencies = (
			);
			name = Settle;
			productName = Settle;
			productReference = A0000000000000000000020B /* Settle.app */;
			productType = "com.apple.product-type.application";
		};
		A00000000000000000000072 /* SettleTests */ = {
			isa = PBXNativeTarget;
			buildConfigurationList = A00000000000000000000041 /* Build configuration list for PBXNativeTarget "SettleTests" */;
			buildPhases = (
				A00000000000000000000073 /* Sources */,
				A00000000000000000000021 /* Frameworks */,
			);
			buildRules = (
			);
			dependencies = (
				A00000000000000000000074 /* PBXTargetDependency */,
			);
			name = SettleTests;
			productName = SettleTests;
			productReference = A0000000000000000000020D /* SettleTests.xctest */;
			productType = "com.apple.product-type.bundle.unit-test";
		};
/* End PBXNativeTarget section */

/* Begin PBXProject section */
		A00000000000000000000001 /* Project object */ = {
			isa = PBXProject;
			attributes = {
				BuildIndependentTargetsInParallel = 1;
				LastSwiftUpdateCheck = 2600;
				LastUpgradeCheck = 2600;
				KnownAssetTags = (
				);
				TargetAttributes = {
					A00000000000000000000010 = {
						CreatedOnToolsVersion = 26.0;
					};
					A00000000000000000000072 = {
						CreatedOnToolsVersion = 26.0;
						TestTargetID = A00000000000000000000010;
					};
				};
			};
			buildConfigurationList = A00000000000000000000042 /* Build configuration list for PBXProject "Settle" */;
			compatibilityVersion = "Xcode 16.0";
			developmentRegion = en;
			hasScannedForEncodings = 0;
			knownRegions = (
				en,
				es,
				ca,
				fr,
				de,
				Base,
			);
			mainGroup = A00000000000000000000002;
			productRefGroup = A00000000000000000000005 /* Products */;
			projectDirPath = "";
			projectRoot = "";
			targets = (
				A00000000000000000000010 /* Settle */,
				A00000000000000000000072 /* SettleTests */,
			);
		};
/* End PBXProject section */

/* Begin PBXResourcesBuildPhase section */
		A00000000000000000000071 /* Resources */ = {
			isa = PBXResourcesBuildPhase;
			buildActionMask = 2147483647;
			files = (
				A0000000000000000000010A /* Assets.xcassets in Resources */,
				A0000000000000000000010D /* Localizable.strings in Resources */,
			);
			runOnlyForDeploymentPostprocessing = 0;
		};
/* End PBXResourcesBuildPhase section */

/* Begin PBXSourcesBuildPhase section */
		A00000000000000000000070 /* Sources */ = {
			isa = PBXSourcesBuildPhase;
			buildActionMask = 2147483647;
			files = (
				A00000000000000000000100 /* SettleApp.swift in Sources */,
				A00000000000000000000101 /* Models.swift in Sources */,
				A00000000000000000000102 /* LayoutStore.swift in Sources */,
				A00000000000000000000103 /* AccessibilityPermissionManager.swift in Sources */,
				A00000000000000000000104 /* AppLauncher.swift in Sources */,
				A00000000000000000000105 /* WindowMatcher.swift in Sources */,
				A00000000000000000000106 /* WindowManager.swift in Sources */,
				A00000000000000000000107 /* LayoutCoordinator.swift in Sources */,
				A00000000000000000000108 /* MenuContentView.swift in Sources */,
				A00000000000000000000109 /* SettingsView.swift in Sources */,
				A0000000000000000000010C /* L10n.swift in Sources */,
				A0000000000000000000010E /* LayoutVisibilityMatcher.swift in Sources */,
				A0000000000000000000010F /* LayoutHUDController.swift in Sources */,
				A00000000000000000000110 /* MenuBarPanelController.swift in Sources */,
			);
			runOnlyForDeploymentPostprocessing = 0;
		};
		A00000000000000000000073 /* Sources */ = {
			isa = PBXSourcesBuildPhase;
			buildActionMask = 2147483647;
			files = (
				A0000000000000000000010B /* SettleTests.swift in Sources */,
			);
			runOnlyForDeploymentPostprocessing = 0;
		};
/* End PBXSourcesBuildPhase section */

/* Begin PBXTargetDependency section */
		A00000000000000000000074 /* PBXTargetDependency */ = {
			isa = PBXTargetDependency;
			target = A00000000000000000000010 /* Settle */;
			targetProxy = A00000000000000000000300 /* PBXContainerItemProxy */;
		};
/* End PBXTargetDependency section */

/* Begin PBXVariantGroup section */
		A00000000000000000000212 /* Localizable.strings */ = {
			isa = PBXVariantGroup;
			children = (
				A0000000000000000000020F /* en */,
				A00000000000000000000210 /* es */,
				A00000000000000000000211 /* ca */,
				A00000000000000000000213 /* fr */,
				A00000000000000000000214 /* de */,
			);
			name = Localizable.strings;
			sourceTree = "<group>";
		};
/* End PBXVariantGroup section */

/* Begin XCBuildConfiguration section */
		A00000000000000000000050 /* Debug */ = {
			isa = XCBuildConfiguration;
			buildSettings = {
				ALWAYS_SEARCH_USER_PATHS = NO;
				ASSETCATALOG_COMPILER_APPICON_NAME = AppIcon;
				CLANG_ENABLE_MODULES = YES;
				CLANG_ENABLE_OBJC_ARC = YES;
				CODE_SIGN_STYLE = Automatic;
				CURRENT_PROJECT_VERSION = 6;
				DEVELOPMENT_TEAM = V8L35RAQCL;
				ENABLE_APP_SANDBOX = NO;
				ENABLE_HARDENED_RUNTIME = YES;
				ENABLE_TESTABILITY = YES;
				GENERATE_INFOPLIST_FILE = YES;
				INFOPLIST_KEY_CFBundleDisplayName = Settle;
				INFOPLIST_KEY_LSApplicationCategoryType = "public.app-category.productivity";
				INFOPLIST_KEY_LSUIElement = YES;
				LD_RUNPATH_SEARCH_PATHS = (
					"$(inherited)",
					"@executable_path/../Frameworks",
				);
				MACOSX_DEPLOYMENT_TARGET = 14.0;
				MARKETING_VERSION = 1.3.1;
				PRODUCT_BUNDLE_IDENTIFIER = com.olerida.Settle;
				PRODUCT_NAME = "$(TARGET_NAME)";
				SDKROOT = macosx;
				SWIFT_EMIT_LOC_STRINGS = YES;
				SWIFT_VERSION = 6.0;
			};
			name = Debug;
		};
		A00000000000000000000051 /* Release */ = {
			isa = XCBuildConfiguration;
			buildSettings = {
				ALWAYS_SEARCH_USER_PATHS = NO;
				ASSETCATALOG_COMPILER_APPICON_NAME = AppIcon;
				CLANG_ENABLE_MODULES = YES;
				CLANG_ENABLE_OBJC_ARC = YES;
				CODE_SIGN_STYLE = Automatic;
				CURRENT_PROJECT_VERSION = 6;
				DEVELOPMENT_TEAM = V8L35RAQCL;
				ENABLE_APP_SANDBOX = NO;
				ENABLE_HARDENED_RUNTIME = YES;
				GENERATE_INFOPLIST_FILE = YES;
				INFOPLIST_KEY_CFBundleDisplayName = Settle;
				INFOPLIST_KEY_LSApplicationCategoryType = "public.app-category.productivity";
				INFOPLIST_KEY_LSUIElement = YES;
				LD_RUNPATH_SEARCH_PATHS = (
					"$(inherited)",
					"@executable_path/../Frameworks",
				);
				MACOSX_DEPLOYMENT_TARGET = 14.0;
				MARKETING_VERSION = 1.3.1;
				PRODUCT_BUNDLE_IDENTIFIER = com.olerida.Settle;
				PRODUCT_NAME = "$(TARGET_NAME)";
				SDKROOT = macosx;
				SWIFT_EMIT_LOC_STRINGS = YES;
				SWIFT_VERSION = 6.0;
			};
			name = Release;
		};
		A00000000000000000000052 /* Debug */ = {
			isa = XCBuildConfiguration;
			buildSettings = {
				BUNDLE_LOADER = "$(TEST_HOST)";
				CODE_SIGN_STYLE = Automatic;
				CURRENT_PROJECT_VERSION = 1;
				DEVELOPMENT_TEAM = "";
				GENERATE_INFOPLIST_FILE = YES;
				MACOSX_DEPLOYMENT_TARGET = 14.0;
				PRODUCT_BUNDLE_IDENTIFIER = com.olerida.SettleTests;
				PRODUCT_NAME = "$(TARGET_NAME)";
				SDKROOT = macosx;
				SWIFT_VERSION = 6.0;
				TEST_HOST = "$(BUILT_PRODUCTS_DIR)/Settle.app/Contents/MacOS/Settle";
			};
			name = Debug;
		};
		A00000000000000000000053 /* Release */ = {
			isa = XCBuildConfiguration;
			buildSettings = {
				BUNDLE_LOADER = "$(TEST_HOST)";
				CODE_SIGN_STYLE = Automatic;
				CURRENT_PROJECT_VERSION = 1;
				DEVELOPMENT_TEAM = "";
				GENERATE_INFOPLIST_FILE = YES;
				MACOSX_DEPLOYMENT_TARGET = 14.0;
				PRODUCT_BUNDLE_IDENTIFIER = com.olerida.SettleTests;
				PRODUCT_NAME = "$(TARGET_NAME)";
				SDKROOT = macosx;
				SWIFT_VERSION = 6.0;
				TEST_HOST = "$(BUILT_PRODUCTS_DIR)/Settle.app/Contents/MacOS/Settle";
			};
			name = Release;
		};
		A00000000000000000000054 /* Debug */ = {
			isa = XCBuildConfiguration;
			buildSettings = {
				CODE_SIGN_STYLE = Automatic;
				DEVELOPMENT_TEAM = "";
			};
			name = Debug;
		};
		A00000000000000000000055 /* Release */ = {
			isa = XCBuildConfiguration;
			buildSettings = {
				CODE_SIGN_STYLE = Automatic;
				DEVELOPMENT_TEAM = "";
			};
			name = Release;
		};
/* End XCBuildConfiguration section */

/* Begin XCConfigurationList section */
		A00000000000000000000040 /* Build configuration list for PBXNativeTarget "Settle" */ = {
			isa = XCConfigurationList;
			buildConfigurations = (
				A00000000000000000000050 /* Debug */,
				A00000000000000000000051 /* Release */,
			);
			defaultConfigurationIsVisible = 0;
			defaultConfigurationName = Release;
		};
		A00000000000000000000041 /* Build configuration list for PBXNativeTarget "SettleTests" */ = {
			isa = XCConfigurationList;
			buildConfigurations = (
				A00000000000000000000052 /* Debug */,
				A00000000000000000000053 /* Release */,
			);
			defaultConfigurationIsVisible = 0;
			defaultConfigurationName = Release;
		};
		A00000000000000000000042 /* Build configuration list for PBXProject "Settle" */ = {
			isa = XCConfigurationList;
			buildConfigurations = (
				A00000000000000000000054 /* Debug */,
				A00000000000000000000055 /* Release */,
			);
			defaultConfigurationIsVisible = 0;
			defaultConfigurationName = Release;
		};
/* End XCConfigurationList section */
	};
	rootObject = A00000000000000000000001 /* Project object */;
}
